
Microsoft Visual Studio Solution File, Format Version 12.00
# Visual Studio Version 17
VisualStudioVersion = 17.10.35013.160
MinimumVisualStudioVersion = 10.0.40219.1
Project("{FAE04EC0-301F-11D3-BF4B-00C04F79EFBC}") = "dashboardArduinoApp", "dashboardArduinoApp.csproj", "{52B03FA3-BD84-4CC1-8EED-124FF584FE7D}"
EndProject
Global
	GlobalSection(SolutionConfigurationPlatforms) = preSolution
		Debug|Any CPU = Debug|Any CPU
		Release|Any CPU = Release|Any CPU
	EndGlobalSection
	GlobalSection(ProjectConfigurationPlatforms) = postSolution
		{52B03FA3-BD84-4CC1-8EED-124FF584FE7D}.Debug|Any CPU.ActiveCfg = Debug|Any CPU
		{52B03FA3-BD84-4CC1-8EED-124FF584FE7D}.Debug|Any CPU.Build.0 = Debug|Any CPU
		{52B03FA3-BD84-4CC1-8EED-124FF584FE7D}.Release|Any CPU.ActiveCfg = Release|Any CPU
		{52B03FA3-BD84-4CC1-8EED-124FF584FE7D}.Release|Any CPU.Build.0 = Release|Any CPU
	EndGlobalSection
	GlobalSection(SolutionProperties) = preSolution
		HideSolutionNode = FALSE
	EndGlobalSection
	GlobalSection(ExtensibilityGlobals) = postSolution
		SolutionGuid = {0303693E-55BC-4684-A3C8-C0636045DA48}
	EndGlobalSection
EndGlobal
